// !$*UTF8*$!
{
	archiveVersion = 1;
	classes = {
	};
	objectVersion = 50;
	objects = {

/* Begin PBXBuildFile section */
		D98916D526C98C3200B0B59E /* AppDelegate.swift in Sources */ = {isa = PBXBuildFile; fileRef = D98916D426C98C3200B0B59E /* AppDelegate.swift */; };
		D98916D726C98C3200B0B59E /* SceneDelegate.swift in Sources */ = {isa = PBXBuildFile; fileRef = D98916D626C98C3200B0B59E /* SceneDelegate.swift */; };
		D98916DC26C98C3200B0B59E /* Main.storyboard in Resources */ = {isa = PBXBuildFile; fileRef = D98916DA26C98C3200B0B59E /* Main.storyboard */; };
		D98916DF26C98C3200B0B59E /* TodoList.xcdatamodeld in Sources */ = {isa = PBXBuildFile; fileRef = D98916DD26C98C3200B0B59E /* TodoList.xcdatamodeld */; };
		D98916E126C98C3200B0B59E /* Assets.xcassets in Resources */ = {isa = PBXBuildFile; fileRef = D98916E026C98C3200B0B59E /* Assets.xcassets */; };
		D98916E426C98C3200B0B59E /* LaunchScreen.storyboard in Resources */ = {isa = PBXBuildFile; fileRef = D98916E226C98C3200B0B59E /* LaunchScreen.storyboard */; };
		D98916EC26C98CA000B0B59E /* ToDo.swift in Sources */ = {isa = PBXBuildFile; fileRef = D98916EB26C98CA000B0B59E /* ToDo.swift */; };
		D98916EE26C98CF400B0B59E /* TodoTableViewController.swift in Sources */ = {isa = PBXBuildFile; fileRef = D98916ED26C98CF400B0B59E /* TodoTableViewController.swift */; };
		D98916F026C9908800B0B59E /* AddTodoViewController.swift in Sources */ = {isa = PBXBuildFile; fileRef = D98916EF26C9908800B0B59E /* AddTodoViewController.swift */; };
		D98916F226C9932700B0B59E /* TodoDetailViewController.swift in Sources */ = {isa = PBXBuildFile; fileRef = D98916F126C9932700B0B59E /* TodoDetailViewController.swift */; };
/* End PBXBuildFile section */

/* Begin PBXFileReference section */
		D98916D126C98C3200B0B59E /* TodoList.app */ = {isa = PBXFileReference; explicitFileType = wrapper.application; includeInIndex = 0; path = TodoList.app; sourceTree = BUILT_PRODUCTS_DIR; };
		D98916D426C98C3200B0B59E /* AppDelegate.swift */ = {isa = PBXFileReference; lastKnownFileType = sourcecode.swift; path = AppDelegate.swift; sourceTree = "<group>"; };
		D98916D626C98C3200B0B59E /* SceneDelegate.swift */ = {isa = PBXFileReference; lastKnownFileType = sourcecode.swift; path = SceneDelegate.swift; sourceTree = "<group>"; };
		D98916DB26C98C3200B0B59E /* Base */ = {isa = PBXFileReference; lastKnownFileType = file.storyboard; name = Base; path = Base.lproj/Main.storyboard; sourceTree = "<group>"; };
		D98916DE26C98C3200B0B59E /* TodoList.xcdatamodel */ = {isa = PBXFileReference; lastKnownFileType = wrapper.xcdatamodel; path = TodoList.xcdatamodel; sourceTree = "<group>"; };
		D98916E026C98C3200B0B59E /* Assets.xcassets */ = {isa = PBXFileReference; lastKnownFileType = folder.assetcatalog; path = Assets.xcassets; sourceTree = "<group>"; };
		D98916E326C98C3200B0B59E /* Base */ = {isa = PBXFileReference; lastKnownFileType = file.storyboard; name = Base; path = Base.lproj/LaunchScreen.storyboard; sourceTree = "<group>"; };
		D98916E526C98C3200B0B59E /* Info.plist */ = {isa = PBXFileReference; lastKnownFileType = text.plist.xml; path = Info.plist; sourceTree = "<group>"; };
		D98916EB26C98CA000B0B59E /* ToDo.swift */ = {isa = PBXFileReference; lastKnownFileType = sourcecode.swift; path = ToDo.swift; sourceTree = "<group>"; };
		D98916ED26C98CF400B0B59E /* TodoTableViewController.swift */ = {isa = PBXFileReference; lastKnownFileType = sourcecode.swift; path = TodoTableViewController.swift; sourceTree = "<group>"; };
		D98916EF26C9908800B0B59E /* AddTodoViewController.swift */ = {isa = PBXFileReference; lastKnownFileType = sourcecode.swift; path = AddTodoViewController.swift; sourceTree = "<group>"; };
		D98916F126C9932700B0B59E /* TodoDetailViewController.swift */ = {isa = PBXFileReference; lastKnownFileType = sourcecode.swift; path = TodoDetailViewController.swift; sourceTree = "<group>"; };
/* End PBXFileReference section */

/* Begin PBXFrameworksBuildPhase section */
		D98916CE26C98C3200B0B59E /* Frameworks */ = {
			isa = PBXFrameworksBuildPhase;
			buildActionMask = 2147483647;
			files = (
			);
			runOnlyForDeploymentPostprocessing = 0;
		};
/* End PBXFrameworksBuildPhase section */

/* Begin PBXGroup section */
		D98916C826C98C3200B0B59E = {
			isa = PBXGroup;
			children = (
				D98916D326C98C3200B0B59E /* TodoList */,
				D98916D226C98C3200B0B59E /* Products */,
			);
			sourceTree = "<group>";
		};
		D98916D226C98C3200B0B59E /* Products */ = {
			isa = PBXGroup;
			children = (
				D98916D126C98C3200B0B59E /* TodoList.app */,
			);
			name = Products;
			sourceTree = "<group>";
		};
		D98916D326C98C3200B0B59E /* TodoList */ = {
			isa = PBXGroup;
			children = (
				D98916D426C98C3200B0B59E /* AppDelegate.swift */,
				D98916D626C98C3200B0B59E /* SceneDelegate.swift */,
				D98916DA26C98C3200B0B59E /* Main.storyboard */,
				D98916F126C9932700B0B59E /* TodoDetailViewController.swift */,
				D98916EF26C9908800B0B59E /* AddTodoViewController.swift */,
				D98916ED26C98CF400B0B59E /* TodoTableViewController.swift */,
				D98916EB26C98CA000B0B59E /* ToDo.swift */,
				D98916E026C98C3200B0B59E /* Assets.xcassets */,
				D98916E226C98C3200B0B59E /* LaunchScreen.storyboard */,
				D98916E526C98C3200B0B59E /* Info.plist */,
				D98916DD26C98C3200B0B59E /* TodoList.xcdatamodeld */,
			);
			path = TodoList;
			sourceTree = "<group>";
		};
/* End PBXGroup section */

/* Begin PBXNativeTarget section */
		D98916D026C98C3200B0B59E /* TodoList */ = {
			isa = PBXNativeTarget;
			buildConfigurationList = D98916E826C98C3200B0B59E /* Build configuration list for PBXNativeTarget "TodoList" */;
			buildPhases = (
				D98916CD26C98C3200B0B59E /* Sources */,
				D98916CE26C98C3200B0B59E /* Frameworks */,
				D98916CF26C98C3200B0B59E /* Resources */,
			);
			buildRules = (
			);
			dependencies = (
			);
			name = TodoList;
			productName = TodoList;
			productReference = D98916D126C98C3200B0B59E /* TodoList.app */;
			productType = "com.apple.product-type.application";
		};
/* End PBXNativeTarget section */

/* Begin PBXProject section */
		D98916C926C98C3200B0B59E /* Project object */ = {
			isa = PBXProject;
			attributes = {
				LastSwiftUpdateCheck = 1250;
				LastUpgradeCheck = 1250;
				TargetAttributes = {
					D98916D026C98C3200B0B59E = {
						CreatedOnToolsVersion = 12.5.1;
					};
				};
			};
			buildConfigurationList = D98916CC26C98C3200B0B59E /* Build configuration list for PBXProject "TodoList" */;
			compatibilityVersion = "Xcode 9.3";
			developmentRegion = en;
			hasScannedForEncodings = 0;
			knownRegions = (
				en,
				Base,
			);
			mainGroup = D98916C826C98C3200B0B59E;
			productRefGroup = D98916D226C98C3200B0B59E /* Products */;
			projectDirPath = "";
			projectRoot = "";
			targets = (
				D98916D026C98C3200B0B59E /* TodoList */,
			);
		};
/* End PBXProject section */

/* Begin PBXResourcesBuildPhase section */
		D98916CF26C98C3200B0B59E /* Resources */ = {
			isa = PBXResourcesBuildPhase;
			buildActionMask = 2147483647;
			files = (
				D98916E426C98C3200B0B59E /* LaunchScreen.storyboard in Resources */,
				D98916E126C98C3200B0B59E /* Assets.xcassets in Resources */,
				D98916DC26C98C3200B0B59E /* Main.storyboard in Resources */,
			);
			runOnlyForDeploymentPostprocessing = 0;
		};
/* End PBXResourcesBuildPhase section */

/* Begin PBXSourcesBuildPhase section */
		D98916CD26C98C3200B0B59E /* Sources */ = {
			isa = PBXSourcesBuildPhase;
			buildActionMask = 2147483647;
			files = (
				D98916D526C98C3200B0B59E /* AppDelegate.swift in Sources */,
				D98916EE26C98CF400B0B59E /* TodoTableViewController.swift in Sources */,
				D98916D726C98C3200B0B59E /* SceneDelegate.swift in Sources */,
				D98916DF26C98C3200B0B59E /* TodoList.xcdatamodeld in Sources */,
				D98916F026C9908800B0B59E /* AddTodoViewController.swift in Sources */,
				D98916EC26C98CA000B0B59E /* ToDo.swift in Sources */,
				D98916F226C9932700B0B59E /* TodoDetailViewController.swift in Sources */,
			);
			runOnlyForDeploymentPostprocessing = 0;
		};
/* End PBXSourcesBuildPhase section */

/* Begin PBXVariantGroup section */
		D98916DA26C98C3200B0B59E /* Main.storyboard */ = {
			isa = PBXVariantGroup;
			children = (
				D98916DB26C98C3200B0B59E /* Base */,
			);
			name = Main.storyboard;
			sourceTree = "<group>";
		};
		D98916E226C98C3200B0B59E /* LaunchScreen.storyboard */ = {
			isa = PBXVariantGroup;
			children = (
				D98916E326C98C3200B0B59E /* Base */,
			);
			name = LaunchScreen.storyboard;
			sourceTree = "<group>";
		};
/* End PBXVariantGroup section */

/* Begin XCBuildConfiguration section */
		D98916E626C98C3200B0B59E /* Debug */ = {
			isa = XCBuildConfiguration;
			buildSettings = {
				ALWAYS_SEARCH_USER_PATHS = NO;
				CLANG_ANALYZER_NONNULL = YES;
				CLANG_ANALYZER_NUMBER_OBJECT_CONVERSION = YES_AGGRESSIVE;
				CLANG_CXX_LANGUAGE_STANDARD = "gnu++14";
				CLANG_CXX_LIBRARY = "libc++";
				CLANG_ENABLE_MODULES = YES;
				CLANG_ENABLE_OBJC_ARC = YES;
				CLANG_ENABLE_OBJC_WEAK = YES;
				CLANG_WARN_BLOCK_CAPTURE_AUTORELEASING = YES;
				CLANG_WARN_BOOL_CONVERSION = YES;
				CLANG_WARN_COMMA = YES;
				CLANG_WARN_CONSTANT_CONVERSION = YES;
				CLANG_WARN_DEPRECATED_OBJC_IMPLEMENTATIONS = YES;
				CLANG_WARN_DIRECT_OBJC_ISA_USAGE = YES_ERROR;
				CLANG_WARN_DOCUMENTATION_COMMENTS = YES;
				CLANG_WARN_EMPTY_BODY = YES;
				CLANG_WARN_ENUM_CONVERSION = YES;
				CLANG_WARN_INFINITE_RECURSION = YES;
				CLANG_WARN_INT_CONVERSION = YES;
				CLANG_WARN_NON_LITERAL_NULL_CONVERSION = YES;
				CLANG_WARN_OBJC_IMPLICIT_RETAIN_SELF = YES;
				CLANG_WARN_OBJC_LITERAL_CONVERSION = YES;
				CLANG_WARN_OBJC_ROOT_CLASS = YES_ERROR;
				CLANG_WARN_QUOTED_INCLUDE_IN_FRAMEWORK_HEADER = YES;
				CLANG_WARN_RANGE_LOOP_ANALYSIS = YES;
				CLANG_WARN_STRICT_PROTOTYPES = YES;
				CLANG_WARN_SUSPICIOUS_MOVE = YES;
				CLANG_WARN_UNGUARDED_AVAILABILITY = YES_AGGRESSIVE;
				CLANG_WARN_UNREACHABLE_CODE = YES;
				CLANG_WARN__DUPLICATE_METHOD_MATCH = YES;
				COPY_PHASE_STRIP = NO;
				DEBUG_INFORMATION_FORMAT = dwarf;
				ENABLE_STRICT_OBJC_MSGSEND = YES;
				ENABLE_TESTABILITY = YES;
				GCC_C_LANGUAGE_STANDARD = gnu11;
				GCC_DYNAMIC_NO_PIC = NO;
				GCC_NO_COMMON_BLOCKS = YES;
				GCC_OPTIMIZATION_LEVEL = 0;
				GCC_PREPROCESSOR_DEFINITIONS = (
					"DEBUG=1",
					"$(inherited)",
				);
				GCC_WARN_64_TO_32_BIT_CONVERSION = YES;
				GCC_WARN_ABOUT_RETURN_TYPE = YES_ERROR;
				GCC_WARN_UNDECLARED_SELECTOR = YES;
				GCC_WARN_UNINITIALIZED_AUTOS = YES_AGGRESSIVE;
				GCC_WARN_UNUSED_FUNCTION = YES;
				GCC_WARN_UNUSED_VARIABLE = YES;
				IPHONEOS_DEPLOYMENT_TARGET = 14.5;
				MTL_ENABLE_DEBUG_INFO = INCLUDE_SOURCE;
				MTL_FAST_MATH = YES;
				ONLY_ACTIVE_ARCH = YES;
				SDKROOT = iphoneos;
				SWIFT_ACTIVE_COMPILATION_CONDITIONS = DEBUG;
				SWIFT_OPTIMIZATION_LEVEL = "-Onone";
			};
			name = Debug;
		};
		D98916E726C98C3200B0B59E /* Release */ = {
			isa = XCBuildConfiguration;
			buildSettings = {
				ALWAYS_SEARCH_USER_PATHS = NO;
				CLANG_ANALYZER_NONNULL = YES;
				CLANG_ANALYZER_NUMBER_OBJECT_CONVERSION = YES_AGGRESSIVE;
				CLANG_CXX_LANGUAGE_STANDARD = "gnu++14";
				CLANG_CXX_LIBRARY = "libc++";
				CLANG_ENABLE_MODULES = YES;
				CLANG_ENABLE_OBJC_ARC = YES;
				CLANG_ENABLE_OBJC_WEAK = YES;
				CLANG_WARN_BLOCK_CAPTURE_AUTORELEASING = YES;
				CLANG_WARN_BOOL_CONVERSION = YES;
				CLANG_WARN_COMMA = YES;
				CLANG_WARN_CONSTANT_CONVERSION = YES;
				CLANG_WARN_DEPRECATED_OBJC_IMPLEMENTATIONS = YES;
				CLANG_WARN_DIRECT_OBJC_ISA_USAGE = YES_ERROR;
				CLANG_WARN_DOCUMENTATION_COMMENTS = YES;
				CLANG_WARN_EMPTY_BODY = YES;
				CLANG_WARN_ENUM_CONVERSION = YES;
				CLANG_WARN_INFINITE_RECURSION = YES;
				CLANG_WARN_INT_CONVERSION = YES;
				CLANG_WARN_NON_LITERAL_NULL_CONVERSION = YES;
				CLANG_WARN_OBJC_IMPLICIT_RETAIN_SELF = YES;
				CLANG_WARN_OBJC_LITERAL_CONVERSION = YES;
				CLANG_WARN_OBJC_ROOT_CLASS = YES_ERROR;
				CLANG_WARN_QUOTED_INCLUDE_IN_FRAMEWORK_HEADER = YES;
				CLANG_WARN_RANGE_LOOP_ANALYSIS = YES;
				CLANG_WARN_STRICT_PROTOTYPES = YES;
				CLANG_WARN_SUSPICIOUS_MOVE = YES;
				CLANG_WARN_UNGUARDED_AVAILABILITY = YES_AGGRESSIVE;
				CLANG_WARN_UNREACHABLE_CODE = YES;
				CLANG_WARN__DUPLICATE_METHOD_MATCH = YES;
				COPY_PHASE_STRIP = NO;
				DEBUG_INFORMATION_FORMAT = "dwarf-with-dsym";
				ENABLE_NS_ASSERTIONS = NO;
				ENABLE_STRICT_OBJC_MSGSEND = YES;
				GCC_C_LANGUAGE_STANDARD = gnu11;
				GCC_NO_COMMON_BLOCKS = YES;
				GCC_WARN_64_TO_32_BIT_CONVERSION = YES;
				GCC_WARN_ABOUT_RETURN_TYPE = YES_ERROR;
				GCC_WARN_UNDECLARED_SELECTOR = YES;
				GCC_WARN_UNINITIALIZED_AUTOS = YES_AGGRESSIVE;
				GCC_WARN_UNUSED_FUNCTION = YES;
				GCC_WARN_UNUSED_VARIABLE = YES;
				IPHONEOS_DEPLOYMENT_TARGET = 14.5;
				MTL_ENABLE_DEBUG_INFO = NO;
				MTL_FAST_MATH = YES;
				SDKROOT = iphoneos;
				SWIFT_COMPILATION_MODE = wholemodule;
				SWIFT_OPTIMIZATION_LEVEL = "-O";
				VALIDATE_PRODUCT = YES;
			};
			name = Release;
		};
		D98916E926C98C3200B0B59E /* Debug */ = {
			isa = XCBuildConfiguration;
			buildSettings = {
				ASSETCATALOG_COMPILER_APPICON_NAME = AppIcon;
				ASSETCATALOG_COMPILER_GLOBAL_ACCENT_COLOR_NAME = AccentColor;
				CODE_SIGN_STYLE = Automatic;
				DEVELOPMENT_TEAM = 6AD3ECNFD8;
				INFOPLIST_FILE = TodoList/Info.plist;
				LD_RUNPATH_SEARCH_PATHS = (
					"$(inherited)",
					"@executable_path/Frameworks",
				);
				PRODUCT_BUNDLE_IDENTIFIER = com.puresourcecode.TodoList;
				PRODUCT_NAME = "$(TARGET_NAME)";
				SWIFT_VERSION = 5.0;
				TARGETED_DEVICE_FAMILY = "1,2";
			};
			name = Debug;
		};
		D98916EA26C98C3200B0B59E /* Release */ = {
			isa = XCBuildConfiguration;
			buildSettings = {
				ASSETCATALOG_COMPILER_APPICON_NAME = AppIcon;
				ASSETCATALOG_COMPILER_GLOBAL_ACCENT_COLOR_NAME = AccentColor;
				CODE_SIGN_STYLE = Automatic;
				DEVELOPMENT_TEAM = 6AD3ECNFD8;
				INFOPLIST_FILE = TodoList/Info.plist;
				LD_RUNPATH_SEARCH_PATHS = (
					"$(inherited)",
					"@executable_path/Frameworks",
				);
				PRODUCT_BUNDLE_IDENTIFIER = com.puresourcecode.TodoList;
				PRODUCT_NAME = "$(TARGET_NAME)";
				SWIFT_VERSION = 5.0;
				TARGETED_DEVICE_FAMILY = "1,2";
			};
			name = Release;
		};
/* End XCBuildConfiguration section */

/* Begin XCConfigurationList section */
		D98916CC26C98C3200B0B59E /* Build configuration list for PBXProject "TodoList" */ = {
			isa = XCConfigurationList;
			buildConfigurations = (
				D98916E626C98C3200B0B59E /* Debug */,
				D98916E726C98C3200B0B59E /* Release */,
			);
			defaultConfigurationIsVisible = 0;
			defaultConfigurationName = Release;
		};
		D98916E826C98C3200B0B59E /* Build configuration list for PBXNativeTarget "TodoList" */ = {
			isa = XCConfigurationList;
			buildConfigurations = (
				D98916E926C98C3200B0B59E /* Debug */,
				D98916EA26C98C3200B0B59E /* Release */,
			);
			defaultConfigurationIsVisible = 0;
			defaultConfigurationName = Release;
		};
/* End XCConfigurationList section */

/* Begin XCVersionGroup section */
		D98916DD26C98C3200B0B59E /* TodoList.xcdatamodeld */ = {
			isa = XCVersionGroup;
			children = (
				D98916DE26C98C3200B0B59E /* TodoList.xcdatamodel */,
			);
			currentVersion = D98916DE26C98C3200B0B59E /* TodoList.xcdatamodel */;
			path = TodoList.xcdatamodeld;
			sourceTree = "<group>";
			versionGroupType = wrapper.xcdatamodel;
		};
/* End XCVersionGroup section */
	};
	rootObject = D98916C926C98C3200B0B59E /* Project object */;
}
